
Microsoft Visual Studio Solution File, Format Version 12.00
# Visual Studio Version 17
VisualStudioVersion = 17.4.33205.214
MinimumVisualStudioVersion = 10.0.40219.1
Project("{FAE04EC0-301F-11D3-BF4B-00C04F79EFBC}") = "Parser", "Parser\Parser.csproj", "{8E6196A1-CC78-4095-88EE-AA0D65E1AAF7}"
EndProject
Global
	GlobalSection(SolutionConfigurationPlatforms) = preSolution
		Debug|Any CPU = Debug|Any CPU
		Release|Any CPU = Release|Any CPU
	EndGlobalSection
	GlobalSection(ProjectConfigurationPlatforms) = postSolution
		{8E6196A1-CC78-4095-88EE-AA0D65E1AAF7}.Debug|Any CPU.ActiveCfg = Debug|Any CPU
		{8E6196A1-CC78-4095-88EE-AA0D65E1AAF7}.Debug|Any CPU.Build.0 = Debug|Any CPU
		{8E6196A1-CC78-4095-88EE-AA0D65E1AAF7}.Release|Any CPU.ActiveCfg = Release|Any CPU
		{8E6196A1-CC78-4095-88EE-AA0D65E1AAF7}.Release|Any CPU.Build.0 = Release|Any CPU
	EndGlobalSection
	GlobalSection(SolutionProperties) = preSolution
		HideSolutionNode = FALSE
	EndGlobalSection
	GlobalSection(ExtensibilityGlobals) = postSolution
		SolutionGuid = {81DD035B-4E60-4AC4-AA3D-036F4C8DCD2C}
	EndGlobalSection
EndGlobal
